// !$*UTF8*$!
{
	archiveVersion = 1;
	classes = {
	};
	objectVersion = 56;
	objects = {

/* Begin PBXBuildFile section */
		07070AC02B7A4B4500348E9C /* ButtonBootcamp.swift in Sources */ = {isa = PBXBuildFile; fileRef = 07070ABF2B7A4B4500348E9C /* ButtonBootcamp.swift */; };
		07070AC22B7A4D6E00348E9C /* StateBootcamp.swift in Sources */ = {isa = PBXBuildFile; fileRef = 07070AC12B7A4D6E00348E9C /* StateBootcamp.swift */; };
		0789F4722B7D0CC60077C37E /* ListBootcamp.swift in Sources */ = {isa = PBXBuildFile; fileRef = 0789F4712B7D0CC60077C37E /* ListBootcamp.swift */; };
		0789F4742B7D11C40077C37E /* AlertBootcamp.swift in Sources */ = {isa = PBXBuildFile; fileRef = 0789F4732B7D11C40077C37E /* AlertBootcamp.swift */; };
		07A189312B7A7DE000125D9F /* ExtractedFunctionsBootcamp.swift in Sources */ = {isa = PBXBuildFile; fileRef = 07A189302B7A7DE000125D9F /* ExtractedFunctionsBootcamp.swift */; };
		07A189332B7A7E3700125D9F /* ExtractedSubviewsBootcamp.swift in Sources */ = {isa = PBXBuildFile; fileRef = 07A189322B7A7E3700125D9F /* ExtractedSubviewsBootcamp.swift */; };
		07A189352B7A7E7C00125D9F /* BindingBootcamp.swift in Sources */ = {isa = PBXBuildFile; fileRef = 07A189342B7A7E7C00125D9F /* BindingBootcamp.swift */; };
		07B4053D2B78D3F4001D2AF1 /* SwiftUI_Beginner_LevelApp.swift in Sources */ = {isa = PBXBuildFile; fileRef = 07B4053C2B78D3F4001D2AF1 /* SwiftUI_Beginner_LevelApp.swift */; };
		07B405412B78D3F6001D2AF1 /* Assets.xcassets in Resources */ = {isa = PBXBuildFile; fileRef = 07B405402B78D3F6001D2AF1 /* Assets.xcassets */; };
		07B405452B78D3F6001D2AF1 /* Preview Assets.xcassets in Resources */ = {isa = PBXBuildFile; fileRef = 07B405442B78D3F6001D2AF1 /* Preview Assets.xcassets */; };
		07B4054E2B78D635001D2AF1 /* TextBootcamp.swift in Sources */ = {isa = PBXBuildFile; fileRef = 07B4054D2B78D635001D2AF1 /* TextBootcamp.swift */; };
		07B405502B78D8C2001D2AF1 /* ShapesBootcamp.swift in Sources */ = {isa = PBXBuildFile; fileRef = 07B4054F2B78D8C2001D2AF1 /* ShapesBootcamp.swift */; };
		07B405522B78DA77001D2AF1 /* ColorsBootcamp.swift in Sources */ = {isa = PBXBuildFile; fileRef = 07B405512B78DA77001D2AF1 /* ColorsBootcamp.swift */; };
		07B405542B78DCF3001D2AF1 /* GradientsBootcamp.swift in Sources */ = {isa = PBXBuildFile; fileRef = 07B405532B78DCF3001D2AF1 /* GradientsBootcamp.swift */; };
		07B405562B78DF24001D2AF1 /* IconsBootcamp.swift in Sources */ = {isa = PBXBuildFile; fileRef = 07B405552B78DF24001D2AF1 /* IconsBootcamp.swift */; };
		07B405582B78E04A001D2AF1 /* ImageBootcamp.swift in Sources */ = {isa = PBXBuildFile; fileRef = 07B405572B78E04A001D2AF1 /* ImageBootcamp.swift */; };
		07B4055A2B78E237001D2AF1 /* FrameBootcamp.swift in Sources */ = {isa = PBXBuildFile; fileRef = 07B405592B78E237001D2AF1 /* FrameBootcamp.swift */; };
		07B4055C2B78E897001D2AF1 /* BackgroundAndOverlayBootcamp.swift in Sources */ = {isa = PBXBuildFile; fileRef = 07B4055B2B78E897001D2AF1 /* BackgroundAndOverlayBootcamp.swift */; };
		07B4055E2B78EBA2001D2AF1 /* StacksBootcamp.swift in Sources */ = {isa = PBXBuildFile; fileRef = 07B4055D2B78EBA2001D2AF1 /* StacksBootcamp.swift */; };
		07C3783A2B7BAA6100E1A352 /* ConditionalBootcamp.swift in Sources */ = {isa = PBXBuildFile; fileRef = 07C378392B7BAA6100E1A352 /* ConditionalBootcamp.swift */; };
		07C3783C2B7BAE5F00E1A352 /* TernaryBootcamp.swift in Sources */ = {isa = PBXBuildFile; fileRef = 07C3783B2B7BAE5F00E1A352 /* TernaryBootcamp.swift */; };
		07C3783E2B7BAF8D00E1A352 /* AnimationBootcamp.swift in Sources */ = {isa = PBXBuildFile; fileRef = 07C3783D2B7BAF8D00E1A352 /* AnimationBootcamp.swift */; };
		07C378402B7BB15A00E1A352 /* AnimationTimingBootcamp.swift in Sources */ = {isa = PBXBuildFile; fileRef = 07C3783F2B7BB15A00E1A352 /* AnimationTimingBootcamp.swift */; };
		07C378422B7BB32600E1A352 /* TransitionBootcamp.swift in Sources */ = {isa = PBXBuildFile; fileRef = 07C378412B7BB32600E1A352 /* TransitionBootcamp.swift */; };
		07C378442B7BB4AA00E1A352 /* SheetsBootcamp.swift in Sources */ = {isa = PBXBuildFile; fileRef = 07C378432B7BB4AA00E1A352 /* SheetsBootcamp.swift */; };
		07C378482B7BB95200E1A352 /* NavigationViewBootcamp.swift in Sources */ = {isa = PBXBuildFile; fileRef = 07C378472B7BB95200E1A352 /* NavigationViewBootcamp.swift */; };
		07FAA2052B79F6D9009C5EC4 /* PaddingBootcamp.swift in Sources */ = {isa = PBXBuildFile; fileRef = 07FAA2042B79F6D9009C5EC4 /* PaddingBootcamp.swift */; };
		07FAA2072B79F71D009C5EC4 /* SpacerBootcamp.swift in Sources */ = {isa = PBXBuildFile; fileRef = 07FAA2062B79F71D009C5EC4 /* SpacerBootcamp.swift */; };
		07FAA2092B79F944009C5EC4 /* InitializerBootcamp.swift in Sources */ = {isa = PBXBuildFile; fileRef = 07FAA2082B79F944009C5EC4 /* InitializerBootcamp.swift */; };
		07FAA20B2B79FC32009C5EC4 /* ForEachBootcamp.swift in Sources */ = {isa = PBXBuildFile; fileRef = 07FAA20A2B79FC32009C5EC4 /* ForEachBootcamp.swift */; };
		07FAA20D2B79FE21009C5EC4 /* ScrollViewBootcamp.swift in Sources */ = {isa = PBXBuildFile; fileRef = 07FAA20C2B79FE21009C5EC4 /* ScrollViewBootcamp.swift */; };
		07FAA20F2B79FFF3009C5EC4 /* GridBootcamp.swift in Sources */ = {isa = PBXBuildFile; fileRef = 07FAA20E2B79FFF3009C5EC4 /* GridBootcamp.swift */; };
		07FAA2112B7A0307009C5EC4 /* SaveAreaBootcamp.swift in Sources */ = {isa = PBXBuildFile; fileRef = 07FAA2102B7A0307009C5EC4 /* SaveAreaBootcamp.swift */; };
/* End PBXBuildFile section */

/* Begin PBXFileReference section */
		07070ABF2B7A4B4500348E9C /* ButtonBootcamp.swift */ = {isa = PBXFileReference; lastKnownFileType = sourcecode.swift; path = ButtonBootcamp.swift; sourceTree = "<group>"; };
		07070AC12B7A4D6E00348E9C /* StateBootcamp.swift */ = {isa = PBXFileReference; lastKnownFileType = sourcecode.swift; path = StateBootcamp.swift; sourceTree = "<group>"; };
		0789F4712B7D0CC60077C37E /* ListBootcamp.swift */ = {isa = PBXFileReference; lastKnownFileType = sourcecode.swift; path = ListBootcamp.swift; sourceTree = "<group>"; };
		0789F4732B7D11C40077C37E /* AlertBootcamp.swift */ = {isa = PBXFileReference; lastKnownFileType = sourcecode.swift; path = AlertBootcamp.swift; sourceTree = "<group>"; };
		07A189302B7A7DE000125D9F /* ExtractedFunctionsBootcamp.swift */ = {isa = PBXFileReference; lastKnownFileType = sourcecode.swift; path = ExtractedFunctionsBootcamp.swift; sourceTree = "<group>"; };
		07A189322B7A7E3700125D9F /* ExtractedSubviewsBootcamp.swift */ = {isa = PBXFileReference; lastKnownFileType = sourcecode.swift; path = ExtractedSubviewsBootcamp.swift; sourceTree = "<group>"; };
		07A189342B7A7E7C00125D9F /* BindingBootcamp.swift */ = {isa = PBXFileReference; lastKnownFileType = sourcecode.swift; path = BindingBootcamp.swift; sourceTree = "<group>"; };
		07B405392B78D3F4001D2AF1 /* SwiftUI-Beginner-Level.app */ = {isa = PBXFileReference; explicitFileType = wrapper.application; includeInIndex = 0; path = "SwiftUI-Beginner-Level.app"; sourceTree = BUILT_PRODUCTS_DIR; };
		07B4053C2B78D3F4001D2AF1 /* SwiftUI_Beginner_LevelApp.swift */ = {isa = PBXFileReference; lastKnownFileType = sourcecode.swift; path = SwiftUI_Beginner_LevelApp.swift; sourceTree = "<group>"; };
		07B405402B78D3F6001D2AF1 /* Assets.xcassets */ = {isa = PBXFileReference; lastKnownFileType = folder.assetcatalog; path = Assets.xcassets; sourceTree = "<group>"; };
		07B405422B78D3F6001D2AF1 /* SwiftUI_Beginner_Level.entitlements */ = {isa = PBXFileReference; lastKnownFileType = text.plist.entitlements; path = SwiftUI_Beginner_Level.entitlements; sourceTree = "<group>"; };
		07B405442B78D3F6001D2AF1 /* Preview Assets.xcassets */ = {isa = PBXFileReference; lastKnownFileType = folder.assetcatalog; path = "Preview Assets.xcassets"; sourceTree = "<group>"; };
		07B4054D2B78D635001D2AF1 /* TextBootcamp.swift */ = {isa = PBXFileReference; lastKnownFileType = sourcecode.swift; path = TextBootcamp.swift; sourceTree = "<group>"; };
		07B4054F2B78D8C2001D2AF1 /* ShapesBootcamp.swift */ = {isa = PBXFileReference; lastKnownFileType = sourcecode.swift; path = ShapesBootcamp.swift; sourceTree = "<group>"; };
		07B405512B78DA77001D2AF1 /* ColorsBootcamp.swift */ = {isa = PBXFileReference; lastKnownFileType = sourcecode.swift; path = ColorsBootcamp.swift; sourceTree = "<group>"; };
		07B405532B78DCF3001D2AF1 /* GradientsBootcamp.swift */ = {isa = PBXFileReference; lastKnownFileType = sourcecode.swift; path = GradientsBootcamp.swift; sourceTree = "<group>"; };
		07B405552B78DF24001D2AF1 /* IconsBootcamp.swift */ = {isa = PBXFileReference; lastKnownFileType = sourcecode.swift; path = IconsBootcamp.swift; sourceTree = "<group>"; };
		07B405572B78E04A001D2AF1 /* ImageBootcamp.swift */ = {isa = PBXFileReference; lastKnownFileType = sourcecode.swift; path = ImageBootcamp.swift; sourceTree = "<group>"; };
		07B405592B78E237001D2AF1 /* FrameBootcamp.swift */ = {isa = PBXFileReference; lastKnownFileType = sourcecode.swift; path = FrameBootcamp.swift; sourceTree = "<group>"; };
		07B4055B2B78E897001D2AF1 /* BackgroundAndOverlayBootcamp.swift */ = {isa = PBXFileReference; lastKnownFileType = sourcecode.swift; path = BackgroundAndOverlayBootcamp.swift; sourceTree = "<group>"; };
		07B4055D2B78EBA2001D2AF1 /* StacksBootcamp.swift */ = {isa = PBXFileReference; lastKnownFileType = sourcecode.swift; path = StacksBootcamp.swift; sourceTree = "<group>"; };
		07C378392B7BAA6100E1A352 /* ConditionalBootcamp.swift */ = {isa = PBXFileReference; lastKnownFileType = sourcecode.swift; path = ConditionalBootcamp.swift; sourceTree = "<group>"; };
		07C3783B2B7BAE5F00E1A352 /* TernaryBootcamp.swift */ = {isa = PBXFileReference; lastKnownFileType = sourcecode.swift; path = TernaryBootcamp.swift; sourceTree = "<group>"; };
		07C3783D2B7BAF8D00E1A352 /* AnimationBootcamp.swift */ = {isa = PBXFileReference; lastKnownFileType = sourcecode.swift; path = AnimationBootcamp.swift; sourceTree = "<group>"; };
		07C3783F2B7BB15A00E1A352 /* AnimationTimingBootcamp.swift */ = {isa = PBXFileReference; lastKnownFileType = sourcecode.swift; path = AnimationTimingBootcamp.swift; sourceTree = "<group>"; };
		07C378412B7BB32600E1A352 /* TransitionBootcamp.swift */ = {isa = PBXFileReference; lastKnownFileType = sourcecode.swift; path = TransitionBootcamp.swift; sourceTree = "<group>"; };
		07C378432B7BB4AA00E1A352 /* SheetsBootcamp.swift */ = {isa = PBXFileReference; lastKnownFileType = sourcecode.swift; path = SheetsBootcamp.swift; sourceTree = "<group>"; };
		07C378472B7BB95200E1A352 /* NavigationViewBootcamp.swift */ = {isa = PBXFileReference; lastKnownFileType = sourcecode.swift; path = NavigationViewBootcamp.swift; sourceTree = "<group>"; };
		07FAA2042B79F6D9009C5EC4 /* PaddingBootcamp.swift */ = {isa = PBXFileReference; lastKnownFileType = sourcecode.swift; path = PaddingBootcamp.swift; sourceTree = "<group>"; };
		07FAA2062B79F71D009C5EC4 /* SpacerBootcamp.swift */ = {isa = PBXFileReference; lastKnownFileType = sourcecode.swift; path = SpacerBootcamp.swift; sourceTree = "<group>"; };
		07FAA2082B79F944009C5EC4 /* InitializerBootcamp.swift */ = {isa = PBXFileReference; lastKnownFileType = sourcecode.swift; path = InitializerBootcamp.swift; sourceTree = "<group>"; };
		07FAA20A2B79FC32009C5EC4 /* ForEachBootcamp.swift */ = {isa = PBXFileReference; lastKnownFileType = sourcecode.swift; path = ForEachBootcamp.swift; sourceTree = "<group>"; };
		07FAA20C2B79FE21009C5EC4 /* ScrollViewBootcamp.swift */ = {isa = PBXFileReference; lastKnownFileType = sourcecode.swift; path = ScrollViewBootcamp.swift; sourceTree = "<group>"; };
		07FAA20E2B79FFF3009C5EC4 /* GridBootcamp.swift */ = {isa = PBXFileReference; lastKnownFileType = sourcecode.swift; path = GridBootcamp.swift; sourceTree = "<group>"; };
		07FAA2102B7A0307009C5EC4 /* SaveAreaBootcamp.swift */ = {isa = PBXFileReference; lastKnownFileType = sourcecode.swift; path = SaveAreaBootcamp.swift; sourceTree = "<group>"; };
/* End PBXFileReference section */

/* Begin PBXFrameworksBuildPhase section */
		07B405362B78D3F4001D2AF1 /* Frameworks */ = {
			isa = PBXFrameworksBuildPhase;
			buildActionMask = 2147483647;
			files = (
			);
			runOnlyForDeploymentPostprocessing = 0;
		};
/* End PBXFrameworksBuildPhase section */

/* Begin PBXGroup section */
		07B405302B78D3F4001D2AF1 = {
			isa = PBXGroup;
			children = (
				07B4053B2B78D3F4001D2AF1 /* SwiftUI-Beginner-Level */,
				07B4053A2B78D3F4001D2AF1 /* Products */,
			);
			sourceTree = "<group>";
		};
		07B4053A2B78D3F4001D2AF1 /* Products */ = {
			isa = PBXGroup;
			children = (
				07B405392B78D3F4001D2AF1 /* SwiftUI-Beginner-Level.app */,
			);
			name = Products;
			sourceTree = "<group>";
		};
		07B4053B2B78D3F4001D2AF1 /* SwiftUI-Beginner-Level */ = {
			isa = PBXGroup;
			children = (
				07B4054B2B78D575001D2AF1 /* App */,
				07B4054C2B78D581001D2AF1 /* Files */,
				07B405402B78D3F6001D2AF1 /* Assets.xcassets */,
				07B405422B78D3F6001D2AF1 /* SwiftUI_Beginner_Level.entitlements */,
				07B405432B78D3F6001D2AF1 /* Preview Content */,
			);
			path = "SwiftUI-Beginner-Level";
			sourceTree = "<group>";
		};
		07B405432B78D3F6001D2AF1 /* Preview Content */ = {
			isa = PBXGroup;
			children = (
				07B405442B78D3F6001D2AF1 /* Preview Assets.xcassets */,
			);
			path = "Preview Content";
			sourceTree = "<group>";
		};
		07B4054B2B78D575001D2AF1 /* App */ = {
			isa = PBXGroup;
			children = (
				07B4053C2B78D3F4001D2AF1 /* SwiftUI_Beginner_LevelApp.swift */,
			);
			path = App;
			sourceTree = "<group>";
		};
		07B4054C2B78D581001D2AF1 /* Files */ = {
			isa = PBXGroup;
			children = (
				07B4054D2B78D635001D2AF1 /* TextBootcamp.swift */,
				07B4054F2B78D8C2001D2AF1 /* ShapesBootcamp.swift */,
				07B405512B78DA77001D2AF1 /* ColorsBootcamp.swift */,
				07B405532B78DCF3001D2AF1 /* GradientsBootcamp.swift */,
				07B405552B78DF24001D2AF1 /* IconsBootcamp.swift */,
				07B405572B78E04A001D2AF1 /* ImageBootcamp.swift */,
				07B405592B78E237001D2AF1 /* FrameBootcamp.swift */,
				07B4055B2B78E897001D2AF1 /* BackgroundAndOverlayBootcamp.swift */,
				07B4055D2B78EBA2001D2AF1 /* StacksBootcamp.swift */,
				07FAA2042B79F6D9009C5EC4 /* PaddingBootcamp.swift */,
				07FAA2062B79F71D009C5EC4 /* SpacerBootcamp.swift */,
				07FAA2082B79F944009C5EC4 /* InitializerBootcamp.swift */,
				07FAA20A2B79FC32009C5EC4 /* ForEachBootcamp.swift */,
				07FAA20C2B79FE21009C5EC4 /* ScrollViewBootcamp.swift */,
				07FAA20E2B79FFF3009C5EC4 /* GridBootcamp.swift */,
				07FAA2102B7A0307009C5EC4 /* SaveAreaBootcamp.swift */,
				07070ABF2B7A4B4500348E9C /* ButtonBootcamp.swift */,
				07070AC12B7A4D6E00348E9C /* StateBootcamp.swift */,
				07A189302B7A7DE000125D9F /* ExtractedFunctionsBootcamp.swift */,
				07A189322B7A7E3700125D9F /* ExtractedSubviewsBootcamp.swift */,
				07A189342B7A7E7C00125D9F /* BindingBootcamp.swift */,
				07C378392B7BAA6100E1A352 /* ConditionalBootcamp.swift */,
				07C3783B2B7BAE5F00E1A352 /* TernaryBootcamp.swift */,
				07C3783D2B7BAF8D00E1A352 /* AnimationBootcamp.swift */,
				07C3783F2B7BB15A00E1A352 /* AnimationTimingBootcamp.swift */,
				07C378412B7BB32600E1A352 /* TransitionBootcamp.swift */,
				07C378432B7BB4AA00E1A352 /* SheetsBootcamp.swift */,
				07C378472B7BB95200E1A352 /* NavigationViewBootcamp.swift */,
				0789F4712B7D0CC60077C37E /* ListBootcamp.swift */,
				0789F4732B7D11C40077C37E /* AlertBootcamp.swift */,
			);
			path = Files;
			sourceTree = "<group>";
		};
/* End PBXGroup section */

/* Begin PBXNativeTarget section */
		07B405382B78D3F4001D2AF1 /* SwiftUI-Beginner-Level */ = {
			isa = PBXNativeTarget;
			buildConfigurationList = 07B405482B78D3F6001D2AF1 /* Build configuration list for PBXNativeTarget "SwiftUI-Beginner-Level" */;
			buildPhases = (
				07B405352B78D3F4001D2AF1 /* Sources */,
				07B405362B78D3F4001D2AF1 /* Frameworks */,
				07B405372B78D3F4001D2AF1 /* Resources */,
			);
			buildRules = (
			);
			dependencies = (
			);
			name = "SwiftUI-Beginner-Level";
			productName = "SwiftUI-Beginner-Level";
			productReference = 07B405392B78D3F4001D2AF1 /* SwiftUI-Beginner-Level.app */;
			productType = "com.apple.product-type.application";
		};
/* End PBXNativeTarget section */

/* Begin PBXProject section */
		07B405312B78D3F4001D2AF1 /* Project object */ = {
			isa = PBXProject;
			attributes = {
				BuildIndependentTargetsInParallel = 1;
				LastSwiftUpdateCheck = 1520;
				LastUpgradeCheck = 1520;
				TargetAttributes = {
					07B405382B78D3F4001D2AF1 = {
						CreatedOnToolsVersion = 15.2;
					};
				};
			};
			buildConfigurationList = 07B405342B78D3F4001D2AF1 /* Build configuration list for PBXProject "SwiftUI-Beginner-Level" */;
			compatibilityVersion = "Xcode 14.0";
			developmentRegion = en;
			hasScannedForEncodings = 0;
			knownRegions = (
				en,
				Base,
			);
			mainGroup = 07B405302B78D3F4001D2AF1;
			productRefGroup = 07B4053A2B78D3F4001D2AF1 /* Products */;
			projectDirPath = "";
			projectRoot = "";
			targets = (
				07B405382B78D3F4001D2AF1 /* SwiftUI-Beginner-Level */,
			);
		};
/* End PBXProject section */

/* Begin PBXResourcesBuildPhase section */
		07B405372B78D3F4001D2AF1 /* Resources */ = {
			isa = PBXResourcesBuildPhase;
			buildActionMask = 2147483647;
			files = (
				07B405452B78D3F6001D2AF1 /* Preview Assets.xcassets in Resources */,
				07B405412B78D3F6001D2AF1 /* Assets.xcassets in Resources */,
			);
			runOnlyForDeploymentPostprocessing = 0;
		};
/* End PBXResourcesBuildPhase section */

/* Begin PBXSourcesBuildPhase section */
		07B405352B78D3F4001D2AF1 /* Sources */ = {
			isa = PBXSourcesBuildPhase;
			buildActionMask = 2147483647;
			files = (
				07C378422B7BB32600E1A352 /* TransitionBootcamp.swift in Sources */,
				07B405542B78DCF3001D2AF1 /* GradientsBootcamp.swift in Sources */,
				07A189332B7A7E3700125D9F /* ExtractedSubviewsBootcamp.swift in Sources */,
				07C3783A2B7BAA6100E1A352 /* ConditionalBootcamp.swift in Sources */,
				07FAA2052B79F6D9009C5EC4 /* PaddingBootcamp.swift in Sources */,
				07B4053D2B78D3F4001D2AF1 /* SwiftUI_Beginner_LevelApp.swift in Sources */,
				07B405502B78D8C2001D2AF1 /* ShapesBootcamp.swift in Sources */,
				07070AC02B7A4B4500348E9C /* ButtonBootcamp.swift in Sources */,
				07C378442B7BB4AA00E1A352 /* SheetsBootcamp.swift in Sources */,
				07FAA2112B7A0307009C5EC4 /* SaveAreaBootcamp.swift in Sources */,
				07070AC22B7A4D6E00348E9C /* StateBootcamp.swift in Sources */,
				0789F4742B7D11C40077C37E /* AlertBootcamp.swift in Sources */,
				07B405582B78E04A001D2AF1 /* ImageBootcamp.swift in Sources */,
				07B405562B78DF24001D2AF1 /* IconsBootcamp.swift in Sources */,
				07FAA2072B79F71D009C5EC4 /* SpacerBootcamp.swift in Sources */,
				07FAA2092B79F944009C5EC4 /* InitializerBootcamp.swift in Sources */,
				07FAA20F2B79FFF3009C5EC4 /* GridBootcamp.swift in Sources */,
				07C378482B7BB95200E1A352 /* NavigationViewBootcamp.swift in Sources */,
				07B4055E2B78EBA2001D2AF1 /* StacksBootcamp.swift in Sources */,
				07A189352B7A7E7C00125D9F /* BindingBootcamp.swift in Sources */,
				07B405522B78DA77001D2AF1 /* ColorsBootcamp.swift in Sources */,
				0789F4722B7D0CC60077C37E /* ListBootcamp.swift in Sources */,
				07C378402B7BB15A00E1A352 /* AnimationTimingBootcamp.swift in Sources */,
				07A189312B7A7DE000125D9F /* ExtractedFunctionsBootcamp.swift in Sources */,
				07C3783C2B7BAE5F00E1A352 /* TernaryBootcamp.swift in Sources */,
				07B4055A2B78E237001D2AF1 /* FrameBootcamp.swift in Sources */,
				07FAA20B2B79FC32009C5EC4 /* ForEachBootcamp.swift in Sources */,
				07FAA20D2B79FE21009C5EC4 /* ScrollViewBootcamp.swift in Sources */,
				07B4054E2B78D635001D2AF1 /* TextBootcamp.swift in Sources */,
				07C3783E2B7BAF8D00E1A352 /* AnimationBootcamp.swift in Sources */,
				07B4055C2B78E897001D2AF1 /* BackgroundAndOverlayBootcamp.swift in Sources */,
			);
			runOnlyForDeploymentPostprocessing = 0;
		};
/* End PBXSourcesBuildPhase section */

/* Begin XCBuildConfiguration section */
		07B405462B78D3F6001D2AF1 /* Debug */ = {
			isa = XCBuildConfiguration;
			buildSettings = {
				ALWAYS_SEARCH_USER_PATHS = NO;
				ASSETCATALOG_COMPILER_GENERATE_SWIFT_ASSET_SYMBOL_EXTENSIONS = YES;
				CLANG_ANALYZER_NONNULL = YES;
				CLANG_ANALYZER_NUMBER_OBJECT_CONVERSION = YES_AGGRESSIVE;
				CLANG_CXX_LANGUAGE_STANDARD = "gnu++20";
				CLANG_ENABLE_MODULES = YES;
				CLANG_ENABLE_OBJC_ARC = YES;
				CLANG_ENABLE_OBJC_WEAK = YES;
				CLANG_WARN_BLOCK_CAPTURE_AUTORELEASING = YES;
				CLANG_WARN_BOOL_CONVERSION = YES;
				CLANG_WARN_COMMA = YES;
				CLANG_WARN_CONSTANT_CONVERSION = YES;
				CLANG_WARN_DEPRECATED_OBJC_IMPLEMENTATIONS = YES;
				CLANG_WARN_DIRECT_OBJC_ISA_USAGE = YES_ERROR;
				CLANG_WARN_DOCUMENTATION_COMMENTS = YES;
				CLANG_WARN_EMPTY_BODY = YES;
				CLANG_WARN_ENUM_CONVERSION = YES;
				CLANG_WARN_INFINITE_RECURSION = YES;
				CLANG_WARN_INT_CONVERSION = YES;
				CLANG_WARN_NON_LITERAL_NULL_CONVERSION = YES;
				CLANG_WARN_OBJC_IMPLICIT_RETAIN_SELF = YES;
				CLANG_WARN_OBJC_LITERAL_CONVERSION = YES;
				CLANG_WARN_OBJC_ROOT_CLASS = YES_ERROR;
				CLANG_WARN_QUOTED_INCLUDE_IN_FRAMEWORK_HEADER = YES;
				CLANG_WARN_RANGE_LOOP_ANALYSIS = YES;
				CLANG_WARN_STRICT_PROTOTYPES = YES;
				CLANG_WARN_SUSPICIOUS_MOVE = YES;
				CLANG_WARN_UNGUARDED_AVAILABILITY = YES_AGGRESSIVE;
				CLANG_WARN_UNREACHABLE_CODE = YES;
				CLANG_WARN__DUPLICATE_METHOD_MATCH = YES;
				COPY_PHASE_STRIP = NO;
				DEBUG_INFORMATION_FORMAT = dwarf;
				ENABLE_STRICT_OBJC_MSGSEND = YES;
				ENABLE_TESTABILITY = YES;
				ENABLE_USER_SCRIPT_SANDBOXING = YES;
				GCC_C_LANGUAGE_STANDARD = gnu17;
				GCC_DYNAMIC_NO_PIC = NO;
				GCC_NO_COMMON_BLOCKS = YES;
				GCC_OPTIMIZATION_LEVEL = 0;
				GCC_PREPROCESSOR_DEFINITIONS = (
					"DEBUG=1",
					"$(inherited)",
				);
				GCC_WARN_64_TO_32_BIT_CONVERSION = YES;
				GCC_WARN_ABOUT_RETURN_TYPE = YES_ERROR;
				GCC_WARN_UNDECLARED_SELECTOR = YES;
				GCC_WARN_UNINITIALIZED_AUTOS = YES_AGGRESSIVE;
				GCC_WARN_UNUSED_FUNCTION = YES;
				GCC_WARN_UNUSED_VARIABLE = YES;
				LOCALIZATION_PREFERS_STRING_CATALOGS = YES;
				MTL_ENABLE_DEBUG_INFO = INCLUDE_SOURCE;
				MTL_FAST_MATH = YES;
				ONLY_ACTIVE_ARCH = YES;
				SWIFT_ACTIVE_COMPILATION_CONDITIONS = "DEBUG $(inherited)";
				SWIFT_OPTIMIZATION_LEVEL = "-Onone";
			};
			name = Debug;
		};
		07B405472B78D3F6001D2AF1 /* Release */ = {
			isa = XCBuildConfiguration;
			buildSettings = {
				ALWAYS_SEARCH_USER_PATHS = NO;
				ASSETCATALOG_COMPILER_GENERATE_SWIFT_ASSET_SYMBOL_EXTENSIONS = YES;
				CLANG_ANALYZER_NONNULL = YES;
				CLANG_ANALYZER_NUMBER_OBJECT_CONVERSION = YES_AGGRESSIVE;
				CLANG_CXX_LANGUAGE_STANDARD = "gnu++20";
				CLANG_ENABLE_MODULES = YES;
				CLANG_ENABLE_OBJC_ARC = YES;
				CLANG_ENABLE_OBJC_WEAK = YES;
				CLANG_WARN_BLOCK_CAPTURE_AUTORELEASING = YES;
				CLANG_WARN_BOOL_CONVERSION = YES;
				CLANG_WARN_COMMA = YES;
				CLANG_WARN_CONSTANT_CONVERSION = YES;
				CLANG_WARN_DEPRECATED_OBJC_IMPLEMENTATIONS = YES;
				CLANG_WARN_DIRECT_OBJC_ISA_USAGE = YES_ERROR;
				CLANG_WARN_DOCUMENTATION_COMMENTS = YES;
				CLANG_WARN_EMPTY_BODY = YES;
				CLANG_WARN_ENUM_CONVERSION = YES;
				CLANG_WARN_INFINITE_RECURSION = YES;
				CLANG_WARN_INT_CONVERSION = YES;
				CLANG_WARN_NON_LITERAL_NULL_CONVERSION = YES;
				CLANG_WARN_OBJC_IMPLICIT_RETAIN_SELF = YES;
				CLANG_WARN_OBJC_LITERAL_CONVERSION = YES;
				CLANG_WARN_OBJC_ROOT_CLASS = YES_ERROR;
				CLANG_WARN_QUOTED_INCLUDE_IN_FRAMEWORK_HEADER = YES;
				CLANG_WARN_RANGE_LOOP_ANALYSIS = YES;
				CLANG_WARN_STRICT_PROTOTYPES = YES;
				CLANG_WARN_SUSPICIOUS_MOVE = YES;
				CLANG_WARN_UNGUARDED_AVAILABILITY = YES_AGGRESSIVE;
				CLANG_WARN_UNREACHABLE_CODE = YES;
				CLANG_WARN__DUPLICATE_METHOD_MATCH = YES;
				COPY_PHASE_STRIP = NO;
				DEBUG_INFORMATION_FORMAT = "dwarf-with-dsym";
				ENABLE_NS_ASSERTIONS = NO;
				ENABLE_STRICT_OBJC_MSGSEND = YES;
				ENABLE_USER_SCRIPT_SANDBOXING = YES;
				GCC_C_LANGUAGE_STANDARD = gnu17;
				GCC_NO_COMMON_BLOCKS = YES;
				GCC_WARN_64_TO_32_BIT_CONVERSION = YES;
				GCC_WARN_ABOUT_RETURN_TYPE = YES_ERROR;
				GCC_WARN_UNDECLARED_SELECTOR = YES;
				GCC_WARN_UNINITIALIZED_AUTOS = YES_AGGRESSIVE;
				GCC_WARN_UNUSED_FUNCTION = YES;
				GCC_WARN_UNUSED_VARIABLE = YES;
				LOCALIZATION_PREFERS_STRING_CATALOGS = YES;
				MTL_ENABLE_DEBUG_INFO = NO;
				MTL_FAST_MATH = YES;
				SWIFT_COMPILATION_MODE = wholemodule;
			};
			name = Release;
		};
		07B405492B78D3F6001D2AF1 /* Debug */ = {
			isa = XCBuildConfiguration;
			buildSettings = {
				ASSETCATALOG_COMPILER_APPICON_NAME = AppIcon;
				ASSETCATALOG_COMPILER_GLOBAL_ACCENT_COLOR_NAME = AccentColor;
				CODE_SIGN_ENTITLEMENTS = "SwiftUI-Beginner-Level/SwiftUI_Beginner_Level.entitlements";
				CODE_SIGN_STYLE = Automatic;
				CURRENT_PROJECT_VERSION = 1;
				DEVELOPMENT_ASSET_PATHS = "\"SwiftUI-Beginner-Level/Preview Content\"";
				ENABLE_PREVIEWS = YES;
				GENERATE_INFOPLIST_FILE = YES;
				"INFOPLIST_KEY_UIApplicationSceneManifest_Generation[sdk=iphoneos*]" = YES;
				"INFOPLIST_KEY_UIApplicationSceneManifest_Generation[sdk=iphonesimulator*]" = YES;
				"INFOPLIST_KEY_UIApplicationSupportsIndirectInputEvents[sdk=iphoneos*]" = YES;
				"INFOPLIST_KEY_UIApplicationSupportsIndirectInputEvents[sdk=iphonesimulator*]" = YES;
				"INFOPLIST_KEY_UILaunchScreen_Generation[sdk=iphoneos*]" = YES;
				"INFOPLIST_KEY_UILaunchScreen_Generation[sdk=iphonesimulator*]" = YES;
				"INFOPLIST_KEY_UIStatusBarStyle[sdk=iphoneos*]" = UIStatusBarStyleDefault;
				"INFOPLIST_KEY_UIStatusBarStyle[sdk=iphonesimulator*]" = UIStatusBarStyleDefault;
				INFOPLIST_KEY_UISupportedInterfaceOrientations_iPad = "UIInterfaceOrientationPortrait UIInterfaceOrientationPortraitUpsideDown UIInterfaceOrientationLandscapeLeft UIInterfaceOrientationLandscapeRight";
				INFOPLIST_KEY_UISupportedInterfaceOrientations_iPhone = "UIInterfaceOrientationPortrait UIInterfaceOrientationLandscapeLeft UIInterfaceOrientationLandscapeRight";
				IPHONEOS_DEPLOYMENT_TARGET = 17.2;
				LD_RUNPATH_SEARCH_PATHS = "@executable_path/Frameworks";
				"LD_RUNPATH_SEARCH_PATHS[sdk=macosx*]" = "@executable_path/../Frameworks";
				MACOSX_DEPLOYMENT_TARGET = 14.2;
				MARKETING_VERSION = 1.0;
				PRODUCT_BUNDLE_IDENTIFIER = "com.SwiftUI-Beginner-Level";
				PRODUCT_NAME = "$(TARGET_NAME)";
				SDKROOT = auto;
				SUPPORTED_PLATFORMS = "iphoneos iphonesimulator macosx";
				SWIFT_EMIT_LOC_STRINGS = YES;
				SWIFT_VERSION = 5.0;
				TARGETED_DEVICE_FAMILY = "1,2";
			};
			name = Debug;
		};
		07B4054A2B78D3F6001D2AF1 /* Release */ = {
			isa = XCBuildConfiguration;
			buildSettings = {
				ASSETCATALOG_COMPILER_APPICON_NAME = AppIcon;
				ASSETCATALOG_COMPILER_GLOBAL_ACCENT_COLOR_NAME = AccentColor;
				CODE_SIGN_ENTITLEMENTS = "SwiftUI-Beginner-Level/SwiftUI_Beginner_Level.entitlements";
				CODE_SIGN_STYLE = Automatic;
				CURRENT_PROJECT_VERSION = 1;
				DEVELOPMENT_ASSET_PATHS = "\"SwiftUI-Beginner-Level/Preview Content\"";
				ENABLE_PREVIEWS = YES;
				GENERATE_INFOPLIST_FILE = YES;
				"INFOPLIST_KEY_UIApplicationSceneManifest_Generation[sdk=iphoneos*]" = YES;
				"INFOPLIST_KEY_UIApplicationSceneManifest_Generation[sdk=iphonesimulator*]" = YES;
				"INFOPLIST_KEY_UIApplicationSupportsIndirectInputEvents[sdk=iphoneos*]" = YES;
				"INFOPLIST_KEY_UIApplicationSupportsIndirectInputEvents[sdk=iphonesimulator*]" = YES;
				"INFOPLIST_KEY_UILaunchScreen_Generation[sdk=iphoneos*]" = YES;
				"INFOPLIST_KEY_UILaunchScreen_Generation[sdk=iphonesimulator*]" = YES;
				"INFOPLIST_KEY_UIStatusBarStyle[sdk=iphoneos*]" = UIStatusBarStyleDefault;
				"INFOPLIST_KEY_UIStatusBarStyle[sdk=iphonesimulator*]" = UIStatusBarStyleDefault;
				INFOPLIST_KEY_UISupportedInterfaceOrientations_iPad = "UIInterfaceOrientationPortrait UIInterfaceOrientationPortraitUpsideDown UIInterfaceOrientationLandscapeLeft UIInterfaceOrientationLandscapeRight";
				INFOPLIST_KEY_UISupportedInterfaceOrientations_iPhone = "UIInterfaceOrientationPortrait UIInterfaceOrientationLandscapeLeft UIInterfaceOrientationLandscapeRight";
				IPHONEOS_DEPLOYMENT_TARGET = 17.2;
				LD_RUNPATH_SEARCH_PATHS = "@executable_path/Frameworks";
				"LD_RUNPATH_SEARCH_PATHS[sdk=macosx*]" = "@executable_path/../Frameworks";
				MACOSX_DEPLOYMENT_TARGET = 14.2;
				MARKETING_VERSION = 1.0;
				PRODUCT_BUNDLE_IDENTIFIER = "com.SwiftUI-Beginner-Level";
				PRODUCT_NAME = "$(TARGET_NAME)";
				SDKROOT = auto;
				SUPPORTED_PLATFORMS = "iphoneos iphonesimulator macosx";
				SWIFT_EMIT_LOC_STRINGS = YES;
				SWIFT_VERSION = 5.0;
				TARGETED_DEVICE_FAMILY = "1,2";
			};
			name = Release;
		};
/* End XCBuildConfiguration section */

/* Begin XCConfigurationList section */
		07B405342B78D3F4001D2AF1 /* Build configuration list for PBXProject "SwiftUI-Beginner-Level" */ = {
			isa = XCConfigurationList;
			buildConfigurations = (
				07B405462B78D3F6001D2AF1 /* Debug */,
				07B405472B78D3F6001D2AF1 /* Release */,
			);
			defaultConfigurationIsVisible = 0;
			defaultConfigurationName = Release;
		};
		07B405482B78D3F6001D2AF1 /* Build configuration list for PBXNativeTarget "SwiftUI-Beginner-Level" */ = {
			isa = XCConfigurationList;
			buildConfigurations = (
				07B405492B78D3F6001D2AF1 /* Debug */,
				07B4054A2B78D3F6001D2AF1 /* Release */,
			);
			defaultConfigurationIsVisible = 0;
			defaultConfigurationName = Release;
		};
/* End XCConfigurationList section */
	};
	rootObject = 07B405312B78D3F4001D2AF1 /* Project object */;
}
